// !$*UTF8*$!
{
	archiveVersion = 1;
	classes = {
	};
	objectVersion = 55;
	objects = {

/* Begin PBXBuildFile section */
		858A0476282C6D1E002727BE /* Swift_Workshop_DiegoApp.swift in Sources */ = {isa = PBXBuildFile; fileRef = 858A0466282C6D1B002727BE /* Swift_Workshop_DiegoApp.swift */; };
		858A0477282C6D1E002727BE /* Swift_Workshop_DiegoApp.swift in Sources */ = {isa = PBXBuildFile; fileRef = 858A0466282C6D1B002727BE /* Swift_Workshop_DiegoApp.swift */; };
		858A0478282C6D1E002727BE /* ContentView.swift in Sources */ = {isa = PBXBuildFile; fileRef = 858A0467282C6D1B002727BE /* ContentView.swift */; };
		858A0479282C6D1E002727BE /* ContentView.swift in Sources */ = {isa = PBXBuildFile; fileRef = 858A0467282C6D1B002727BE /* ContentView.swift */; };
		858A047A282C6D1E002727BE /* Assets.xcassets in Resources */ = {isa = PBXBuildFile; fileRef = 858A0468282C6D1E002727BE /* Assets.xcassets */; };
		858A047B282C6D1E002727BE /* Assets.xcassets in Resources */ = {isa = PBXBuildFile; fileRef = 858A0468282C6D1E002727BE /* Assets.xcassets */; };
		858A048B282EDB4E002727BE /* CartView.swift in Sources */ = {isa = PBXBuildFile; fileRef = 858A048A282EDB4E002727BE /* CartView.swift */; };
		858A048C282EDB4E002727BE /* CartView.swift in Sources */ = {isa = PBXBuildFile; fileRef = 858A048A282EDB4E002727BE /* CartView.swift */; };
		858A048F282EDB7B002727BE /* BookCartCellView.swift in Sources */ = {isa = PBXBuildFile; fileRef = 858A048E282EDB7B002727BE /* BookCartCellView.swift */; };
		858A0490282EDB7B002727BE /* BookCartCellView.swift in Sources */ = {isa = PBXBuildFile; fileRef = 858A048E282EDB7B002727BE /* BookCartCellView.swift */; };
		858A0492282EDB9F002727BE /* CartTotalCellView.swift in Sources */ = {isa = PBXBuildFile; fileRef = 858A0491282EDB9F002727BE /* CartTotalCellView.swift */; };
		858A0493282EDB9F002727BE /* CartTotalCellView.swift in Sources */ = {isa = PBXBuildFile; fileRef = 858A0491282EDB9F002727BE /* CartTotalCellView.swift */; };
/* End PBXBuildFile section */

/* Begin PBXFileReference section */
		858A0466282C6D1B002727BE /* Swift_Workshop_DiegoApp.swift */ = {isa = PBXFileReference; lastKnownFileType = sourcecode.swift; path = Swift_Workshop_DiegoApp.swift; sourceTree = "<group>"; };
		858A0467282C6D1B002727BE /* ContentView.swift */ = {isa = PBXFileReference; lastKnownFileType = sourcecode.swift; path = ContentView.swift; sourceTree = "<group>"; };
		858A0468282C6D1E002727BE /* Assets.xcassets */ = {isa = PBXFileReference; lastKnownFileType = folder.assetcatalog; path = Assets.xcassets; sourceTree = "<group>"; };
		858A046D282C6D1E002727BE /* Swift-Workshop-Diego.app */ = {isa = PBXFileReference; explicitFileType = wrapper.application; includeInIndex = 0; path = "Swift-Workshop-Diego.app"; sourceTree = BUILT_PRODUCTS_DIR; };
		858A0473282C6D1E002727BE /* Swift-Workshop-Diego.app */ = {isa = PBXFileReference; explicitFileType = wrapper.application; includeInIndex = 0; path = "Swift-Workshop-Diego.app"; sourceTree = BUILT_PRODUCTS_DIR; };
		858A048A282EDB4E002727BE /* CartView.swift */ = {isa = PBXFileReference; lastKnownFileType = sourcecode.swift; path = CartView.swift; sourceTree = "<group>"; };
		858A048E282EDB7B002727BE /* BookCartCellView.swift */ = {isa = PBXFileReference; lastKnownFileType = sourcecode.swift; path = BookCartCellView.swift; sourceTree = "<group>"; };
		858A0491282EDB9F002727BE /* CartTotalCellView.swift */ = {isa = PBXFileReference; lastKnownFileType = sourcecode.swift; path = CartTotalCellView.swift; sourceTree = "<group>"; };
/* End PBXFileReference section */

/* Begin PBXFrameworksBuildPhase section */
		858A046A282C6D1E002727BE /* Frameworks */ = {
			isa = PBXFrameworksBuildPhase;
			buildActionMask = 2147483647;
			files = (
			);
			runOnlyForDeploymentPostprocessing = 0;
		};
		858A0470282C6D1E002727BE /* Frameworks */ = {
			isa = PBXFrameworksBuildPhase;
			buildActionMask = 2147483647;
			files = (
			);
			runOnlyForDeploymentPostprocessing = 0;
		};
/* End PBXFrameworksBuildPhase section */

/* Begin PBXGroup section */
		858A0460282C6D1B002727BE = {
			isa = PBXGroup;
			children = (
				858A0465282C6D1B002727BE /* Shared */,
				858A046E282C6D1E002727BE /* Products */,
			);
			sourceTree = "<group>";
		};
		858A0465282C6D1B002727BE /* Shared */ = {
			isa = PBXGroup;
			children = (
				858A048D282EDB65002727BE /* Cells */,
				858A0466282C6D1B002727BE /* Swift_Workshop_DiegoApp.swift */,
				858A0467282C6D1B002727BE /* ContentView.swift */,
				858A0468282C6D1E002727BE /* Assets.xcassets */,
				858A048A282EDB4E002727BE /* CartView.swift */,
			);
			path = Shared;
			sourceTree = "<group>";
		};
		858A046E282C6D1E002727BE /* Products */ = {
			isa = PBXGroup;
			children = (
				858A046D282C6D1E002727BE /* Swift-Workshop-Diego.app */,
				858A0473282C6D1E002727BE /* Swift-Workshop-Diego.app */,
			);
			name = Products;
			sourceTree = "<group>";
		};
		858A048D282EDB65002727BE /* Cells */ = {
			isa = PBXGroup;
			children = (
				858A048E282EDB7B002727BE /* BookCartCellView.swift */,
				858A0491282EDB9F002727BE /* CartTotalCellView.swift */,
			);
			path = Cells;
			sourceTree = "<group>";
		};
/* End PBXGroup section */

/* Begin PBXNativeTarget section */
		858A046C282C6D1E002727BE /* Swift-Workshop-Diego (iOS) */ = {
			isa = PBXNativeTarget;
			buildConfigurationList = 858A047E282C6D1E002727BE /* Build configuration list for PBXNativeTarget "Swift-Workshop-Diego (iOS)" */;
			buildPhases = (
				858A0469282C6D1E002727BE /* Sources */,
				858A046A282C6D1E002727BE /* Frameworks */,
				858A046B282C6D1E002727BE /* Resources */,
			);
			buildRules = (
			);
			dependencies = (
			);
			name = "Swift-Workshop-Diego (iOS)";
			productName = "Swift-Workshop-Diego (iOS)";
			productReference = 858A046D282C6D1E002727BE /* Swift-Workshop-Diego.app */;
			productType = "com.apple.product-type.application";
		};
		858A0472282C6D1E002727BE /* Swift-Workshop-Diego (macOS) */ = {
			isa = PBXNativeTarget;
			buildConfigurationList = 858A0481282C6D1E002727BE /* Build configuration list for PBXNativeTarget "Swift-Workshop-Diego (macOS)" */;
			buildPhases = (
				858A046F282C6D1E002727BE /* Sources */,
				858A0470282C6D1E002727BE /* Frameworks */,
				858A0471282C6D1E002727BE /* Resources */,
			);
			buildRules = (
			);
			dependencies = (
			);
			name = "Swift-Workshop-Diego (macOS)";
			productName = "Swift-Workshop-Diego (macOS)";
			productReference = 858A0473282C6D1E002727BE /* Swift-Workshop-Diego.app */;
			productType = "com.apple.product-type.application";
		};
/* End PBXNativeTarget section */

/* Begin PBXProject section */
		858A0461282C6D1B002727BE /* Project object */ = {
			isa = PBXProject;
			attributes = {
				BuildIndependentTargetsInParallel = 1;
				LastSwiftUpdateCheck = 1330;
				LastUpgradeCheck = 1330;
				TargetAttributes = {
					858A046C282C6D1E002727BE = {
						CreatedOnToolsVersion = 13.3.1;
					};
					858A0472282C6D1E002727BE = {
						CreatedOnToolsVersion = 13.3.1;
					};
				};
			};
			buildConfigurationList = 858A0464282C6D1B002727BE /* Build configuration list for PBXProject "Swift-Workshop-Diego" */;
			compatibilityVersion = "Xcode 13.0";
			developmentRegion = en;
			hasScannedForEncodings = 0;
			knownRegions = (
				en,
				Base,
			);
			mainGroup = 858A0460282C6D1B002727BE;
			productRefGroup = 858A046E282C6D1E002727BE /* Products */;
			projectDirPath = "";
			projectRoot = "";
			targets = (
				858A046C282C6D1E002727BE /* Swift-Workshop-Diego (iOS) */,
				858A0472282C6D1E002727BE /* Swift-Workshop-Diego (macOS) */,
			);
		};
/* End PBXProject section */

/* Begin PBXResourcesBuildPhase section */
		858A046B282C6D1E002727BE /* Resources */ = {
			isa = PBXResourcesBuildPhase;
			buildActionMask = 2147483647;
			files = (
				858A047A282C6D1E002727BE /* Assets.xcassets in Resources */,
			);
			runOnlyForDeploymentPostprocessing = 0;
		};
		858A0471282C6D1E002727BE /* Resources */ = {
			isa = PBXResourcesBuildPhase;
			buildActionMask = 2147483647;
			files = (
				858A047B282C6D1E002727BE /* Assets.xcassets in Resources */,
			);
			runOnlyForDeploymentPostprocessing = 0;
		};
/* End PBXResourcesBuildPhase section */

/* Begin PBXSourcesBuildPhase section */
		858A0469282C6D1E002727BE /* Sources */ = {
			isa = PBXSourcesBuildPhase;
			buildActionMask = 2147483647;
			files = (
				858A0492282EDB9F002727BE /* CartTotalCellView.swift in Sources */,
				858A048B282EDB4E002727BE /* CartView.swift in Sources */,
				858A048F282EDB7B002727BE /* BookCartCellView.swift in Sources */,
				858A0478282C6D1E002727BE /* ContentView.swift in Sources */,
				858A0476282C6D1E002727BE /* Swift_Workshop_DiegoApp.swift in Sources */,
			);
			runOnlyForDeploymentPostprocessing = 0;
		};
		858A046F282C6D1E002727BE /* Sources */ = {
			isa = PBXSourcesBuildPhase;
			buildActionMask = 2147483647;
			files = (
				858A0493282EDB9F002727BE /* CartTotalCellView.swift in Sources */,
				858A048C282EDB4E002727BE /* CartView.swift in Sources */,
				858A0490282EDB7B002727BE /* BookCartCellView.swift in Sources */,
				858A0479282C6D1E002727BE /* ContentView.swift in Sources */,
				858A0477282C6D1E002727BE /* Swift_Workshop_DiegoApp.swift in Sources */,
			);
			runOnlyForDeploymentPostprocessing = 0;
		};
/* End PBXSourcesBuildPhase section */

/* Begin XCBuildConfiguration section */
		858A047C282C6D1E002727BE /* Debug */ = {
			isa = XCBuildConfiguration;
			buildSettings = {
				ALWAYS_SEARCH_USER_PATHS = NO;
				CLANG_ANALYZER_NONNULL = YES;
				CLANG_ANALYZER_NUMBER_OBJECT_CONVERSION = YES_AGGRESSIVE;
				CLANG_CXX_LANGUAGE_STANDARD = "gnu++17";
				CLANG_ENABLE_MODULES = YES;
				CLANG_ENABLE_OBJC_ARC = YES;
				CLANG_ENABLE_OBJC_WEAK = YES;
				CLANG_WARN_BLOCK_CAPTURE_AUTORELEASING = YES;
				CLANG_WARN_BOOL_CONVERSION = YES;
				CLANG_WARN_COMMA = YES;
				CLANG_WARN_CONSTANT_CONVERSION = YES;
				CLANG_WARN_DEPRECATED_OBJC_IMPLEMENTATIONS = YES;
				CLANG_WARN_DIRECT_OBJC_ISA_USAGE = YES_ERROR;
				CLANG_WARN_DOCUMENTATION_COMMENTS = YES;
				CLANG_WARN_EMPTY_BODY = YES;
				CLANG_WARN_ENUM_CONVERSION = YES;
				CLANG_WARN_INFINITE_RECURSION = YES;
				CLANG_WARN_INT_CONVERSION = YES;
				CLANG_WARN_NON_LITERAL_NULL_CONVERSION = YES;
				CLANG_WARN_OBJC_IMPLICIT_RETAIN_SELF = YES;
				CLANG_WARN_OBJC_LITERAL_CONVERSION = YES;
				CLANG_WARN_OBJC_ROOT_CLASS = YES_ERROR;
				CLANG_WARN_QUOTED_INCLUDE_IN_FRAMEWORK_HEADER = YES;
				CLANG_WARN_RANGE_LOOP_ANALYSIS = YES;
				CLANG_WARN_STRICT_PROTOTYPES = YES;
				CLANG_WARN_SUSPICIOUS_MOVE = YES;
				CLANG_WARN_UNGUARDED_AVAILABILITY = YES_AGGRESSIVE;
				CLANG_WARN_UNREACHABLE_CODE = YES;
				CLANG_WARN__DUPLICATE_METHOD_MATCH = YES;
				COPY_PHASE_STRIP = NO;
				DEBUG_INFORMATION_FORMAT = dwarf;
				ENABLE_STRICT_OBJC_MSGSEND = YES;
				ENABLE_TESTABILITY = YES;
				GCC_C_LANGUAGE_STANDARD = gnu11;
				GCC_DYNAMIC_NO_PIC = NO;
				GCC_NO_COMMON_BLOCKS = YES;
				GCC_OPTIMIZATION_LEVEL = 0;
				GCC_PREPROCESSOR_DEFINITIONS = (
					"DEBUG=1",
					"$(inherited)",
				);
				GCC_WARN_64_TO_32_BIT_CONVERSION = YES;
				GCC_WARN_ABOUT_RETURN_TYPE = YES_ERROR;
				GCC_WARN_UNDECLARED_SELECTOR = YES;
				GCC_WARN_UNINITIALIZED_AUTOS = YES_AGGRESSIVE;
				GCC_WARN_UNUSED_FUNCTION = YES;
				GCC_WARN_UNUSED_VARIABLE = YES;
				MTL_ENABLE_DEBUG_INFO = INCLUDE_SOURCE;
				MTL_FAST_MATH = YES;
				ONLY_ACTIVE_ARCH = YES;
				SWIFT_ACTIVE_COMPILATION_CONDITIONS = DEBUG;
				SWIFT_OPTIMIZATION_LEVEL = "-Onone";
			};
			name = Debug;
		};
		858A047D282C6D1E002727BE /* Release */ = {
			isa = XCBuildConfiguration;
			buildSettings = {
				ALWAYS_SEARCH_USER_PATHS = NO;
				CLANG_ANALYZER_NONNULL = YES;
				CLANG_ANALYZER_NUMBER_OBJECT_CONVERSION = YES_AGGRESSIVE;
				CLANG_CXX_LANGUAGE_STANDARD = "gnu++17";
				CLANG_ENABLE_MODULES = YES;
				CLANG_ENABLE_OBJC_ARC = YES;
				CLANG_ENABLE_OBJC_WEAK = YES;
				CLANG_WARN_BLOCK_CAPTURE_AUTORELEASING = YES;
				CLANG_WARN_BOOL_CONVERSION = YES;
				CLANG_WARN_COMMA = YES;
				CLANG_WARN_CONSTANT_CONVERSION = YES;
				CLANG_WARN_DEPRECATED_OBJC_IMPLEMENTATIONS = YES;
				CLANG_WARN_DIRECT_OBJC_ISA_USAGE = YES_ERROR;
				CLANG_WARN_DOCUMENTATION_COMMENTS = YES;
				CLANG_WARN_EMPTY_BODY = YES;
				CLANG_WARN_ENUM_CONVERSION = YES;
				CLANG_WARN_INFINITE_RECURSION = YES;
				CLANG_WARN_INT_CONVERSION = YES;
				CLANG_WARN_NON_LITERAL_NULL_CONVERSION = YES;
				CLANG_WARN_OBJC_IMPLICIT_RETAIN_SELF = YES;
				CLANG_WARN_OBJC_LITERAL_CONVERSION = YES;
				CLANG_WARN_OBJC_ROOT_CLASS = YES_ERROR;
				CLANG_WARN_QUOTED_INCLUDE_IN_FRAMEWORK_HEADER = YES;
				CLANG_WARN_RANGE_LOOP_ANALYSIS = YES;
				CLANG_WARN_STRICT_PROTOTYPES = YES;
				CLANG_WARN_SUSPICIOUS_MOVE = YES;
				CLANG_WARN_UNGUARDED_AVAILABILITY = YES_AGGRESSIVE;
				CLANG_WARN_UNREACHABLE_CODE = YES;
				CLANG_WARN__DUPLICATE_METHOD_MATCH = YES;
				COPY_PHASE_STRIP = NO;
				DEBUG_INFORMATION_FORMAT = "dwarf-with-dsym";
				ENABLE_NS_ASSERTIONS = NO;
				ENABLE_STRICT_OBJC_MSGSEND = YES;
				GCC_C_LANGUAGE_STANDARD = gnu11;
				GCC_NO_COMMON_BLOCKS = YES;
				GCC_WARN_64_TO_32_BIT_CONVERSION = YES;
				GCC_WARN_ABOUT_RETURN_TYPE = YES_ERROR;
				GCC_WARN_UNDECLARED_SELECTOR = YES;
				GCC_WARN_UNINITIALIZED_AUTOS = YES_AGGRESSIVE;
				GCC_WARN_UNUSED_FUNCTION = YES;
				GCC_WARN_UNUSED_VARIABLE = YES;
				MTL_ENABLE_DEBUG_INFO = NO;
				MTL_FAST_MATH = YES;
				SWIFT_COMPILATION_MODE = wholemodule;
				SWIFT_OPTIMIZATION_LEVEL = "-O";
			};
			name = Release;
		};
		858A047F282C6D1E002727BE /* Debug */ = {
			isa = XCBuildConfiguration;
			buildSettings = {
				ASSETCATALOG_COMPILER_APPICON_NAME = AppIcon;
				ASSETCATALOG_COMPILER_GLOBAL_ACCENT_COLOR_NAME = AccentColor;
				CODE_SIGN_STYLE = Automatic;
				CURRENT_PROJECT_VERSION = 1;
				ENABLE_PREVIEWS = YES;
				GENERATE_INFOPLIST_FILE = YES;
				INFOPLIST_KEY_UIApplicationSceneManifest_Generation = YES;
				INFOPLIST_KEY_UIApplicationSupportsIndirectInputEvents = YES;
				INFOPLIST_KEY_UILaunchScreen_Generation = YES;
				INFOPLIST_KEY_UISupportedInterfaceOrientations_iPad = "UIInterfaceOrientationPortrait UIInterfaceOrientationPortraitUpsideDown UIInterfaceOrientationLandscapeLeft UIInterfaceOrientationLandscapeRight";
				INFOPLIST_KEY_UISupportedInterfaceOrientations_iPhone = "UIInterfaceOrientationPortrait UIInterfaceOrientationLandscapeLeft UIInterfaceOrientationLandscapeRight";
				IPHONEOS_DEPLOYMENT_TARGET = 15.4;
				LD_RUNPATH_SEARCH_PATHS = (
					"$(inherited)",
					"@executable_path/Frameworks",
				);
				MARKETING_VERSION = 1.0;
				PRODUCT_BUNDLE_IDENTIFIER = "com.wizeline.Swift-Workshop-Diego";
				PRODUCT_NAME = "Swift-Workshop-Diego";
				SDKROOT = iphoneos;
				SWIFT_EMIT_LOC_STRINGS = YES;
				SWIFT_VERSION = 5.0;
				TARGETED_DEVICE_FAMILY = "1,2";
			};
			name = Debug;
		};
		858A0480282C6D1E002727BE /* Release */ = {
			isa = XCBuildConfiguration;
			buildSettings = {
				ASSETCATALOG_COMPILER_APPICON_NAME = AppIcon;
				ASSETCATALOG_COMPILER_GLOBAL_ACCENT_COLOR_NAME = AccentColor;
				CODE_SIGN_STYLE = Automatic;
				CURRENT_PROJECT_VERSION = 1;
				ENABLE_PREVIEWS = YES;
				GENERATE_INFOPLIST_FILE = YES;
				INFOPLIST_KEY_UIApplicationSceneManifest_Generation = YES;
				INFOPLIST_KEY_UIApplicationSupportsIndirectInputEvents = YES;
				INFOPLIST_KEY_UILaunchScreen_Generation = YES;
				INFOPLIST_KEY_UISupportedInterfaceOrientations_iPad = "UIInterfaceOrientationPortrait UIInterfaceOrientationPortraitUpsideDown UIInterfaceOrientationLandscapeLeft UIInterfaceOrientationLandscapeRight";
				INFOPLIST_KEY_UISupportedInterfaceOrientations_iPhone = "UIInterfaceOrientationPortrait UIInterfaceOrientationLandscapeLeft UIInterfaceOrientationLandscapeRight";
				IPHONEOS_DEPLOYMENT_TARGET = 15.4;
				LD_RUNPATH_SEARCH_PATHS = (
					"$(inherited)",
					"@executable_path/Frameworks",
				);
				MARKETING_VERSION = 1.0;
				PRODUCT_BUNDLE_IDENTIFIER = "com.wizeline.Swift-Workshop-Diego";
				PRODUCT_NAME = "Swift-Workshop-Diego";
				SDKROOT = iphoneos;
				SWIFT_EMIT_LOC_STRINGS = YES;
				SWIFT_VERSION = 5.0;
				TARGETED_DEVICE_FAMILY = "1,2";
				VALIDATE_PRODUCT = YES;
			};
			name = Release;
		};
		858A0482282C6D1E002727BE /* Debug */ = {
			isa = XCBuildConfiguration;
			buildSettings = {
				ASSETCATALOG_COMPILER_APPICON_NAME = AppIcon;
				ASSETCATALOG_COMPILER_GLOBAL_ACCENT_COLOR_NAME = AccentColor;
				CODE_SIGN_ENTITLEMENTS = macOS/macOS.entitlements;
				CODE_SIGN_STYLE = Automatic;
				COMBINE_HIDPI_IMAGES = YES;
				CURRENT_PROJECT_VERSION = 1;
				ENABLE_PREVIEWS = YES;
				GENERATE_INFOPLIST_FILE = YES;
				INFOPLIST_KEY_NSHumanReadableCopyright = "";
				LD_RUNPATH_SEARCH_PATHS = (
					"$(inherited)",
					"@executable_path/../Frameworks",
				);
				MACOSX_DEPLOYMENT_TARGET = 12.3;
				MARKETING_VERSION = 1.0;
				PRODUCT_BUNDLE_IDENTIFIER = "com.wizeline.Swift-Workshop-Diego";
				PRODUCT_NAME = "Swift-Workshop-Diego";
				SDKROOT = macosx;
				SWIFT_EMIT_LOC_STRINGS = YES;
				SWIFT_VERSION = 5.0;
			};
			name = Debug;
		};
		858A0483282C6D1E002727BE /* Release */ = {
			isa = XCBuildConfiguration;
			buildSettings = {
				ASSETCATALOG_COMPILER_APPICON_NAME = AppIcon;
				ASSETCATALOG_COMPILER_GLOBAL_ACCENT_COLOR_NAME = AccentColor;
				CODE_SIGN_ENTITLEMENTS = macOS/macOS.entitlements;
				CODE_SIGN_STYLE = Automatic;
				COMBINE_HIDPI_IMAGES = YES;
				CURRENT_PROJECT_VERSION = 1;
				ENABLE_PREVIEWS = YES;
				GENERATE_INFOPLIST_FILE = YES;
				INFOPLIST_KEY_NSHumanReadableCopyright = "";
				LD_RUNPATH_SEARCH_PATHS = (
					"$(inherited)",
					"@executable_path/../Frameworks",
				);
				MACOSX_DEPLOYMENT_TARGET = 12.3;
				MARKETING_VERSION = 1.0;
				PRODUCT_BUNDLE_IDENTIFIER = "com.wizeline.Swift-Workshop-Diego";
				PRODUCT_NAME = "Swift-Workshop-Diego";
				SDKROOT = macosx;
				SWIFT_EMIT_LOC_STRINGS = YES;
				SWIFT_VERSION = 5.0;
			};
			name = Release;
		};
/* End XCBuildConfiguration section */

/* Begin XCConfigurationList section */
		858A0464282C6D1B002727BE /* Build configuration list for PBXProject "Swift-Workshop-Diego" */ = {
			isa = XCConfigurationList;
			buildConfigurations = (
				858A047C282C6D1E002727BE /* Debug */,
				858A047D282C6D1E002727BE /* Release */,
			);
			defaultConfigurationIsVisible = 0;
			defaultConfigurationName = Release;
		};
		858A047E282C6D1E002727BE /* Build configuration list for PBXNativeTarget "Swift-Workshop-Diego (iOS)" */ = {
			isa = XCConfigurationList;
			buildConfigurations = (
				858A047F282C6D1E002727BE /* Debug */,
				858A0480282C6D1E002727BE /* Release */,
			);
			defaultConfigurationIsVisible = 0;
			defaultConfigurationName = Release;
		};
		858A0481282C6D1E002727BE /* Build configuration list for PBXNativeTarget "Swift-Workshop-Diego (macOS)" */ = {
			isa = XCConfigurationList;
			buildConfigurations = (
				858A0482282C6D1E002727BE /* Debug */,
				858A0483282C6D1E002727BE /* Release */,
			);
			defaultConfigurationIsVisible = 0;
			defaultConfigurationName = Release;
		};
/* End XCConfigurationList section */
	};
	rootObject = 858A0461282C6D1B002727BE /* Project object */;
}
